
Microsoft Visual Studio Solution File, Format Version 12.00
# Visual Studio Version 16
VisualStudioVersion = 16.0.30907.101
MinimumVisualStudioVersion = 10.0.40219.1
Project("{F184B08F-C81C-45F6-A57F-5ABD9991F28F}") = "CreateROH", "CreateROH.vbproj", "{C36F8DD8-63F3-46EB-A2A3-987DB4071DDF}"
EndProject
Project("{F184B08F-C81C-45F6-A57F-5ABD9991F28F}") = "GrabImages", "GrabImages\GrabImages.vbproj", "{610D4C49-CAB2-4CDD-ACCE-C7B3E3BABA3C}"
EndProject
Global
	GlobalSection(SolutionConfigurationPlatforms) = preSolution
		Debug|Any CPU = Debug|Any CPU
		Release|Any CPU = Release|Any CPU
	EndGlobalSection
	GlobalSection(ProjectConfigurationPlatforms) = postSolution
		{C36F8DD8-63F3-46EB-A2A3-987DB4071DDF}.Debug|Any CPU.ActiveCfg = Debug|Any CPU
		{C36F8DD8-63F3-46EB-A2A3-987DB4071DDF}.Debug|Any CPU.Build.0 = Debug|Any CPU
		{C36F8DD8-63F3-46EB-A2A3-987DB4071DDF}.Release|Any CPU.ActiveCfg = Release|Any CPU
		{C36F8DD8-63F3-46EB-A2A3-987DB4071DDF}.Release|Any CPU.Build.0 = Release|Any CPU
		{610D4C49-CAB2-4CDD-ACCE-C7B3E3BABA3C}.Debug|Any CPU.ActiveCfg = Debug|Any CPU
		{610D4C49-CAB2-4CDD-ACCE-C7B3E3BABA3C}.Debug|Any CPU.Build.0 = Debug|Any CPU
		{610D4C49-CAB2-4CDD-ACCE-C7B3E3BABA3C}.Release|Any CPU.ActiveCfg = Release|Any CPU
		{610D4C49-CAB2-4CDD-ACCE-C7B3E3BABA3C}.Release|Any CPU.Build.0 = Release|Any CPU
	EndGlobalSection
	GlobalSection(SolutionProperties) = preSolution
		HideSolutionNode = FALSE
	EndGlobalSection
	GlobalSection(ExtensibilityGlobals) = postSolution
		SolutionGuid = {A7FA5DC6-8172-45FE-857A-99125A9EE784}
	EndGlobalSection
EndGlobal
